
Microsoft Visual Studio Solution File, Format Version 12.00
# Visual Studio 15
VisualStudioVersion = 15.0.27703.2000
MinimumVisualStudioVersion = 10.0.40219.1
Project("{FAE04EC0-301F-11D3-BF4B-00C04F79EFBC}") = "Lab_T2_iago", "Lab_T2_iago\Lab_T2_iago.csproj", "{16BA4D77-6C4E-45F5-8353-3EF683DE62FD}"
EndProject
Project("{FAE04EC0-301F-11D3-BF4B-00C04F79EFBC}") = "Test", "Test\Test.csproj", "{98AE6644-9889-4133-8501-7CBB21D4DA80}"
EndProject
Global
	GlobalSection(SolutionConfigurationPlatforms) = preSolution
		Debug|Any CPU = Debug|Any CPU
		Release|Any CPU = Release|Any CPU
	EndGlobalSection
	GlobalSection(ProjectConfigurationPlatforms) = postSolution
		{16BA4D77-6C4E-45F5-8353-3EF683DE62FD}.Debug|Any CPU.ActiveCfg = Debug|Any CPU
		{16BA4D77-6C4E-45F5-8353-3EF683DE62FD}.Debug|Any CPU.Build.0 = Debug|Any CPU
		{16BA4D77-6C4E-45F5-8353-3EF683DE62FD}.Release|Any CPU.ActiveCfg = Release|Any CPU
		{16BA4D77-6C4E-45F5-8353-3EF683DE62FD}.Release|Any CPU.Build.0 = Release|Any CPU
		{98AE6644-9889-4133-8501-7CBB21D4DA80}.Debug|Any CPU.ActiveCfg = Debug|Any CPU
		{98AE6644-9889-4133-8501-7CBB21D4DA80}.Debug|Any CPU.Build.0 = Debug|Any CPU
		{98AE6644-9889-4133-8501-7CBB21D4DA80}.Release|Any CPU.ActiveCfg = Release|Any CPU
		{98AE6644-9889-4133-8501-7CBB21D4DA80}.Release|Any CPU.Build.0 = Release|Any CPU
	EndGlobalSection
	GlobalSection(SolutionProperties) = preSolution
		HideSolutionNode = FALSE
	EndGlobalSection
	GlobalSection(ExtensibilityGlobals) = postSolution
		SolutionGuid = {B3A5BD76-26AC-4098-AE5C-819F0BC61FDB}
	EndGlobalSection
EndGlobal
